
Microsoft Visual Studio Solution File, Format Version 12.00
# Visual Studio 2013
VisualStudioVersion = 12.0.21005.1
MinimumVisualStudioVersion = 10.0.40219.1
Project("{FAE04EC0-301F-11D3-BF4B-00C04F79EFBC}") = "Delicacy", "Delicacy\Delicacy.csproj", "{C02D65FB-1F50-46C0-A09C-A41A029EB7A2}"
EndProject
Project("{FAE04EC0-301F-11D3-BF4B-00C04F79EFBC}") = "Delicacy.Tests", "Delicacy.Tests\Delicacy.Tests.csproj", "{C3617FB7-D330-4AC0-886C-DE8C888C3F4F}"
EndProject
Project("{FAE04EC0-301F-11D3-BF4B-00C04F79EFBC}") = "EF", "EF\EF.csproj", "{E3B66112-A0FE-42A4-A834-5BA27DBE70C4}"
EndProject
Project("{FAE04EC0-301F-11D3-BF4B-00C04F79EFBC}") = "Tool", "Tool\Tool.csproj", "{B8DA91E2-2FA2-49ED-ABBF-B6332DCCBBA1}"
EndProject
Project("{FAE04EC0-301F-11D3-BF4B-00C04F79EFBC}") = "Service", "Service\Service.csproj", "{3B59BE82-050B-48A3-89B5-57FB9EBD7B36}"
EndProject
Project("{FAE04EC0-301F-11D3-BF4B-00C04F79EFBC}") = "Manager", "Manager\Manager.csproj", "{D47E61D8-9720-4061-8937-831A556459C0}"
EndProject
Project("{FAE04EC0-301F-11D3-BF4B-00C04F79EFBC}") = "DataTransfer", "DataTransfer\DataTransfer.csproj", "{0D3E6079-0E52-4E5E-954B-1CEA10E130F9}"
EndProject
Global
	GlobalSection(SolutionConfigurationPlatforms) = preSolution
		Debug|Any CPU = Debug|Any CPU
		Release|Any CPU = Release|Any CPU
	EndGlobalSection
	GlobalSection(ProjectConfigurationPlatforms) = postSolution
		{C02D65FB-1F50-46C0-A09C-A41A029EB7A2}.Debug|Any CPU.ActiveCfg = Debug|Any CPU
		{C02D65FB-1F50-46C0-A09C-A41A029EB7A2}.Debug|Any CPU.Build.0 = Debug|Any CPU
		{C02D65FB-1F50-46C0-A09C-A41A029EB7A2}.Release|Any CPU.ActiveCfg = Release|Any CPU
		{C02D65FB-1F50-46C0-A09C-A41A029EB7A2}.Release|Any CPU.Build.0 = Release|Any CPU
		{C3617FB7-D330-4AC0-886C-DE8C888C3F4F}.Debug|Any CPU.ActiveCfg = Debug|Any CPU
		{C3617FB7-D330-4AC0-886C-DE8C888C3F4F}.Debug|Any CPU.Build.0 = Debug|Any CPU
		{C3617FB7-D330-4AC0-886C-DE8C888C3F4F}.Release|Any CPU.ActiveCfg = Release|Any CPU
		{C3617FB7-D330-4AC0-886C-DE8C888C3F4F}.Release|Any CPU.Build.0 = Release|Any CPU
		{E3B66112-A0FE-42A4-A834-5BA27DBE70C4}.Debug|Any CPU.ActiveCfg = Debug|Any CPU
		{E3B66112-A0FE-42A4-A834-5BA27DBE70C4}.Debug|Any CPU.Build.0 = Debug|Any CPU
		{E3B66112-A0FE-42A4-A834-5BA27DBE70C4}.Release|Any CPU.ActiveCfg = Release|Any CPU
		{E3B66112-A0FE-42A4-A834-5BA27DBE70C4}.Release|Any CPU.Build.0 = Release|Any CPU
		{B8DA91E2-2FA2-49ED-ABBF-B6332DCCBBA1}.Debug|Any CPU.ActiveCfg = Debug|Any CPU
		{B8DA91E2-2FA2-49ED-ABBF-B6332DCCBBA1}.Debug|Any CPU.Build.0 = Debug|Any CPU
		{B8DA91E2-2FA2-49ED-ABBF-B6332DCCBBA1}.Release|Any CPU.ActiveCfg = Release|Any CPU
		{B8DA91E2-2FA2-49ED-ABBF-B6332DCCBBA1}.Release|Any CPU.Build.0 = Release|Any CPU
		{3B59BE82-050B-48A3-89B5-57FB9EBD7B36}.Debug|Any CPU.ActiveCfg = Debug|Any CPU
		{3B59BE82-050B-48A3-89B5-57FB9EBD7B36}.Debug|Any CPU.Build.0 = Debug|Any CPU
		{3B59BE82-050B-48A3-89B5-57FB9EBD7B36}.Release|Any CPU.ActiveCfg = Release|Any CPU
		{3B59BE82-050B-48A3-89B5-57FB9EBD7B36}.Release|Any CPU.Build.0 = Release|Any CPU
		{D47E61D8-9720-4061-8937-831A556459C0}.Debug|Any CPU.ActiveCfg = Debug|Any CPU
		{D47E61D8-9720-4061-8937-831A556459C0}.Debug|Any CPU.Build.0 = Debug|Any CPU
		{D47E61D8-9720-4061-8937-831A556459C0}.Release|Any CPU.ActiveCfg = Release|Any CPU
		{D47E61D8-9720-4061-8937-831A556459C0}.Release|Any CPU.Build.0 = Release|Any CPU
		{0D3E6079-0E52-4E5E-954B-1CEA10E130F9}.Debug|Any CPU.ActiveCfg = Debug|Any CPU
		{0D3E6079-0E52-4E5E-954B-1CEA10E130F9}.Debug|Any CPU.Build.0 = Debug|Any CPU
		{0D3E6079-0E52-4E5E-954B-1CEA10E130F9}.Release|Any CPU.ActiveCfg = Release|Any CPU
		{0D3E6079-0E52-4E5E-954B-1CEA10E130F9}.Release|Any CPU.Build.0 = Release|Any CPU
	EndGlobalSection
	GlobalSection(SolutionProperties) = preSolution
		HideSolutionNode = FALSE
	EndGlobalSection
EndGlobal
